{
    "_readme": [
        "This file locks the dependencies of your project to a known state",
        "Read more about it at https://getcomposer.org/doc/01-basic-usage.md#installing-dependencies",
        "This file is @generated automatically"
    ],
    "content-hash": "771eed87003f84e93fd61696c1afbfca",
    "packages": [
        {
            "name": "dravencms/icaptcha",
            "version": "0.0.2",
            "source": {
                "type": "git",
                "url": "https://github.com/dravencms/icaptcha.git",
                "reference": "f2900514bf5c8fcbc3fd6e553b2c269521dde669"
            },
            "dist": {
                "type": "zip",
                "url": "https://api.github.com/repos/dravencms/icaptcha/zipball/f2900514bf5c8fcbc3fd6e553b2c269521dde669",
                "reference": "f2900514bf5c8fcbc3fd6e553b2c269521dde669",
                "shasum": ""
            },
            "require": {
                "nette/di": "^3.1.8",
                "nette/forms": "^3.1.14",
                "nette/utils": "^4.0.3",
                "php": ">=8.1"
            },
            "type": "library",
            "autoload": {
                "psr-4": {
                    "Dravencms\\Captcha\\": "src"
                }
            },
            "notification-url": "https://packagist.org/downloads/",
            "license": [
                "LGPL-3.0"
            ],
            "authors": [
                {
                    "name": "Adam Schubert",
                    "homepage": "https://salamek.cz"
                }
            ],
            "description": "Captcha interface for dravencms",
            "homepage": "https://github.com/dravencms/icaptcha",
            "keywords": [
                "captcha",
                "dravencms"
            ],
            "support": {
                "issues": "https://github.com/dravencms/icaptcha/issues",
                "source": "https://github.com/dravencms/icaptcha/tree/0.0.2"
            },
            "time": "2024-08-11T14:33:29+00:00"
        },
        {
            "name": "mitloshuk/hcaptcha",
            "version": "1.2.2",
            "source": {
                "type": "git",
                "url": "https://github.com/mitloshuk/hcaptcha.git",
                "reference": "95042470029fa8beac34eb15a0773baa86f5ec3f"
            },
            "dist": {
                "type": "zip",
                "url": "https://api.github.com/repos/mitloshuk/hcaptcha/zipball/95042470029fa8beac34eb15a0773baa86f5ec3f",
                "reference": "95042470029fa8beac34eb15a0773baa86f5ec3f",
                "shasum": ""
            },
            "require": {
                "ext-curl": "*",
                "ext-json": "*",
                "php": ">=5.6"
            },
            "require-dev": {
                "phpunit/phpunit": "^5.7"
            },
            "type": "library",
            "autoload": {
                "psr-4": {
                    "HCaptcha\\": "src/"
                }
            },
            "notification-url": "https://packagist.org/downloads/",
            "license": [
                "MIT"
            ],
            "authors": [
                {
                    "name": "Artem Mitloshuk",
                    "email": "artem@mitloshuk.name"
                }
            ],
            "description": "Library for hCaptcha, a service that protects websites from spam, protects user privacy, rewards websites, and helps companies get their data labeled",
            "keywords": [
                "anti-spam",
                "antispam",
                "captcha",
                "hcaptcha",
                "recaptcha",
                "spam"
            ],
            "support": {
                "issues": "https://github.com/mitloshuk/hcaptcha/issues",
                "source": "https://github.com/mitloshuk/hcaptcha/tree/v1.2.2"
            },
            "time": "2021-03-22T11:39:38+00:00"
        },
        {
            "name": "nette/component-model",
            "version": "v3.1.0",
            "source": {
                "type": "git",
                "url": "https://github.com/nette/component-model.git",
                "reference": "4e0946a788b4ac42ea903b761c693ec7dd083a69"
            },
            "dist": {
                "type": "zip",
                "url": "https://api.github.com/repos/nette/component-model/zipball/4e0946a788b4ac42ea903b761c693ec7dd083a69",
                "reference": "4e0946a788b4ac42ea903b761c693ec7dd083a69",
                "shasum": ""
            },
            "require": {
                "nette/utils": "^4.0",
                "php": "8.1 - 8.3"
            },
            "require-dev": {
                "nette/tester": "^2.5",
                "phpstan/phpstan": "^1.0",
                "tracy/tracy": "^2.9"
            },
            "type": "library",
            "extra": {
                "branch-alias": {
                    "dev-master": "3.1-dev"
                }
            },
            "autoload": {
                "classmap": [
                    "src/"
                ]
            },
            "notification-url": "https://packagist.org/downloads/",
            "license": [
                "BSD-3-Clause",
                "GPL-2.0-only",
                "GPL-3.0-only"
            ],
            "authors": [
                {
                    "name": "David Grudl",
                    "homepage": "https://davidgrudl.com"
                },
                {
                    "name": "Nette Community",
                    "homepage": "https://nette.org/contributors"
                }
            ],
            "description": "⚛ Nette Component Model",
            "homepage": "https://nette.org",
            "keywords": [
                "components",
                "nette"
            ],
            "support": {
                "issues": "https://github.com/nette/component-model/issues",
                "source": "https://github.com/nette/component-model/tree/v3.1.0"
            },
            "time": "2024-02-08T20:25:40+00:00"
        },
        {
            "name": "nette/di",
            "version": "v3.2.2",
            "source": {
                "type": "git",
                "url": "https://github.com/nette/di.git",
                "reference": "50beb3271322a7c9a7b9f76d991476c9ae5c82d6"
            },
            "dist": {
                "type": "zip",
                "url": "https://api.github.com/repos/nette/di/zipball/50beb3271322a7c9a7b9f76d991476c9ae5c82d6",
                "reference": "50beb3271322a7c9a7b9f76d991476c9ae5c82d6",
                "shasum": ""
            },
            "require": {
                "ext-ctype": "*",
                "ext-tokenizer": "*",
                "nette/neon": "^3.3 || ^4.0",
                "nette/php-generator": "^4.1.3",
                "nette/robot-loader": "^4.0",
                "nette/schema": "^1.2.5",
                "nette/utils": "^4.0",
                "php": "8.1 - 8.3"
            },
            "require-dev": {
                "nette/tester": "^2.5.2",
                "phpstan/phpstan": "^1.0",
                "tracy/tracy": "^2.9"
            },
            "type": "library",
            "extra": {
                "branch-alias": {
                    "dev-master": "3.2-dev"
                }
            },
            "autoload": {
                "classmap": [
                    "src/"
                ]
            },
            "notification-url": "https://packagist.org/downloads/",
            "license": [
                "BSD-3-Clause",
                "GPL-2.0-only",
                "GPL-3.0-only"
            ],
            "authors": [
                {
                    "name": "David Grudl",
                    "homepage": "https://davidgrudl.com"
                },
                {
                    "name": "Nette Community",
                    "homepage": "https://nette.org/contributors"
                }
            ],
            "description": "💎 Nette Dependency Injection Container: Flexible, compiled and full-featured DIC with perfectly usable autowiring and support for all new PHP features.",
            "homepage": "https://nette.org",
            "keywords": [
                "compiled",
                "di",
                "dic",
                "factory",
                "ioc",
                "nette",
                "static"
            ],
            "support": {
                "issues": "https://github.com/nette/di/issues",
                "source": "https://github.com/nette/di/tree/v3.2.2"
            },
            "time": "2024-05-16T13:30:24+00:00"
        },
        {
            "name": "nette/forms",
            "version": "v3.2.4",
            "source": {
                "type": "git",
                "url": "https://github.com/nette/forms.git",
                "reference": "e61535036669a78bcafb061dcfa46da827fcf377"
            },
            "dist": {
                "type": "zip",
                "url": "https://api.github.com/repos/nette/forms/zipball/e61535036669a78bcafb061dcfa46da827fcf377",
                "reference": "e61535036669a78bcafb061dcfa46da827fcf377",
                "shasum": ""
            },
            "require": {
                "nette/component-model": "^3.1",
                "nette/http": "^3.3",
                "nette/utils": "^4.0.4",
                "php": "8.1 - 8.4"
            },
            "conflict": {
                "latte/latte": ">=3.0.0 <3.0.12 || >=3.1"
            },
            "require-dev": {
                "latte/latte": "^2.10.2 || ^3.0.12",
                "nette/application": "^3.0",
                "nette/di": "^3.0",
                "nette/tester": "^2.5.2",
                "phpstan/phpstan-nette": "^1",
                "tracy/tracy": "^2.9"
            },
            "suggest": {
                "ext-intl": "to use date/time controls"
            },
            "type": "library",
            "extra": {
                "branch-alias": {
                    "dev-master": "3.2-dev"
                }
            },
            "autoload": {
                "classmap": [
                    "src/"
                ]
            },
            "notification-url": "https://packagist.org/downloads/",
            "license": [
                "BSD-3-Clause",
                "GPL-2.0-only",
                "GPL-3.0-only"
            ],
            "authors": [
                {
                    "name": "David Grudl",
                    "homepage": "https://davidgrudl.com"
                },
                {
                    "name": "Nette Community",
                    "homepage": "https://nette.org/contributors"
                }
            ],
            "description": "📝 Nette Forms: generating, validating and processing secure forms in PHP. Handy API, fully customizable, server & client side validation and mature design.",
            "homepage": "https://nette.org",
            "keywords": [
                "Forms",
                "bootstrap",
                "csrf",
                "javascript",
                "nette",
                "validation"
            ],
            "support": {
                "issues": "https://github.com/nette/forms/issues",
                "source": "https://github.com/nette/forms/tree/v3.2.4"
            },
            "time": "2024-08-05T23:11:27+00:00"
        },
        {
            "name": "nette/http",
            "version": "v3.3.0",
            "source": {
                "type": "git",
                "url": "https://github.com/nette/http.git",
                "reference": "c779293fb79e6d2a16d474cd19dce866615f3b9c"
            },
            "dist": {
                "type": "zip",
                "url": "https://api.github.com/repos/nette/http/zipball/c779293fb79e6d2a16d474cd19dce866615f3b9c",
                "reference": "c779293fb79e6d2a16d474cd19dce866615f3b9c",
                "shasum": ""
            },
            "require": {
                "nette/utils": "^4.0.4",
                "php": "8.1 - 8.3"
            },
            "conflict": {
                "nette/di": "<3.0.3",
                "nette/schema": "<1.2"
            },
            "require-dev": {
                "nette/di": "^3.0",
                "nette/security": "^3.0",
                "nette/tester": "^2.4",
                "phpstan/phpstan": "^1.0",
                "tracy/tracy": "^2.8"
            },
            "suggest": {
                "ext-fileinfo": "to detect MIME type of uploaded files by Nette\\Http\\FileUpload",
                "ext-gd": "to use image function in Nette\\Http\\FileUpload",
                "ext-intl": "to support punycode by Nette\\Http\\Url",
                "ext-session": "to use Nette\\Http\\Session"
            },
            "type": "library",
            "extra": {
                "branch-alias": {
                    "dev-master": "3.3-dev"
                }
            },
            "autoload": {
                "classmap": [
                    "src/"
                ]
            },
            "notification-url": "https://packagist.org/downloads/",
            "license": [
                "BSD-3-Clause",
                "GPL-2.0-only",
                "GPL-3.0-only"
            ],
            "authors": [
                {
                    "name": "David Grudl",
                    "homepage": "https://davidgrudl.com"
                },
                {
                    "name": "Nette Community",
                    "homepage": "https://nette.org/contributors"
                }
            ],
            "description": "🌐 Nette Http: abstraction for HTTP request, response and session. Provides careful data sanitization and utility for URL and cookies manipulation.",
            "homepage": "https://nette.org",
            "keywords": [
                "cookies",
                "http",
                "nette",
                "proxy",
                "request",
                "response",
                "security",
                "session",
                "url"
            ],
            "support": {
                "issues": "https://github.com/nette/http/issues",
                "source": "https://github.com/nette/http/tree/v3.3.0"
            },
            "time": "2024-01-30T18:16:20+00:00"
        },
        {
            "name": "nette/neon",
            "version": "v3.4.3",
            "source": {
                "type": "git",
                "url": "https://github.com/nette/neon.git",
                "reference": "c8481c104431c8d94cc88424a1e21f47f8c93280"
            },
            "dist": {
                "type": "zip",
                "url": "https://api.github.com/repos/nette/neon/zipball/c8481c104431c8d94cc88424a1e21f47f8c93280",
                "reference": "c8481c104431c8d94cc88424a1e21f47f8c93280",
                "shasum": ""
            },
            "require": {
                "ext-json": "*",
                "php": "8.0 - 8.3"
            },
            "require-dev": {
                "nette/tester": "^2.4",
                "phpstan/phpstan": "^1.0",
                "tracy/tracy": "^2.7"
            },
            "bin": [
                "bin/neon-lint"
            ],
            "type": "library",
            "extra": {
                "branch-alias": {
                    "dev-master": "3.4-dev"
                }
            },
            "autoload": {
                "classmap": [
                    "src/"
                ]
            },
            "notification-url": "https://packagist.org/downloads/",
            "license": [
                "BSD-3-Clause",
                "GPL-2.0-only",
                "GPL-3.0-only"
            ],
            "authors": [
                {
                    "name": "David Grudl",
                    "homepage": "https://davidgrudl.com"
                },
                {
                    "name": "Nette Community",
                    "homepage": "https://nette.org/contributors"
                }
            ],
            "description": "🍸 Nette NEON: encodes and decodes NEON file format.",
            "homepage": "https://ne-on.org",
            "keywords": [
                "export",
                "import",
                "neon",
                "nette",
                "yaml"
            ],
            "support": {
                "issues": "https://github.com/nette/neon/issues",
                "source": "https://github.com/nette/neon/tree/v3.4.3"
            },
            "time": "2024-06-26T14:53:59+00:00"
        },
        {
            "name": "nette/php-generator",
            "version": "v4.1.5",
            "source": {
                "type": "git",
                "url": "https://github.com/nette/php-generator.git",
                "reference": "690b00d81d42d5633e4457c43ef9754573b6f9d6"
            },
            "dist": {
                "type": "zip",
                "url": "https://api.github.com/repos/nette/php-generator/zipball/690b00d81d42d5633e4457c43ef9754573b6f9d6",
                "reference": "690b00d81d42d5633e4457c43ef9754573b6f9d6",
                "shasum": ""
            },
            "require": {
                "nette/utils": "^3.2.9 || ^4.0",
                "php": "8.0 - 8.3"
            },
            "require-dev": {
                "jetbrains/phpstorm-attributes": "dev-master",
                "nette/tester": "^2.4",
                "nikic/php-parser": "^4.18 || ^5.0",
                "phpstan/phpstan": "^1.0",
                "tracy/tracy": "^2.8"
            },
            "suggest": {
                "nikic/php-parser": "to use ClassType::from(withBodies: true) & ClassType::fromCode()"
            },
            "type": "library",
            "extra": {
                "branch-alias": {
                    "dev-master": "4.1-dev"
                }
            },
            "autoload": {
                "classmap": [
                    "src/"
                ]
            },
            "notification-url": "https://packagist.org/downloads/",
            "license": [
                "BSD-3-Clause",
                "GPL-2.0-only",
                "GPL-3.0-only"
            ],
            "authors": [
                {
                    "name": "David Grudl",
                    "homepage": "https://davidgrudl.com"
                },
                {
                    "name": "Nette Community",
                    "homepage": "https://nette.org/contributors"
                }
            ],
            "description": "🐘 Nette PHP Generator: generates neat PHP code for you. Supports new PHP 8.3 features.",
            "homepage": "https://nette.org",
            "keywords": [
                "code",
                "nette",
                "php",
                "scaffolding"
            ],
            "support": {
                "issues": "https://github.com/nette/php-generator/issues",
                "source": "https://github.com/nette/php-generator/tree/v4.1.5"
            },
            "time": "2024-05-12T17:31:02+00:00"
        },
        {
            "name": "nette/robot-loader",
            "version": "v4.0.2",
            "source": {
                "type": "git",
                "url": "https://github.com/nette/robot-loader.git",
                "reference": "6a921e88345fc7263b89ed878c927efc7c5e6092"
            },
            "dist": {
                "type": "zip",
                "url": "https://api.github.com/repos/nette/robot-loader/zipball/6a921e88345fc7263b89ed878c927efc7c5e6092",
                "reference": "6a921e88345fc7263b89ed878c927efc7c5e6092",
                "shasum": ""
            },
            "require": {
                "ext-tokenizer": "*",
                "nette/utils": "^4.0",
                "php": "8.0 - 8.3"
            },
            "require-dev": {
                "nette/tester": "^2.4",
                "phpstan/phpstan": "^1.0",
                "tracy/tracy": "^2.9"
            },
            "type": "library",
            "extra": {
                "branch-alias": {
                    "dev-master": "4.0-dev"
                }
            },
            "autoload": {
                "classmap": [
                    "src/"
                ]
            },
            "notification-url": "https://packagist.org/downloads/",
            "license": [
                "BSD-3-Clause",
                "GPL-2.0-only",
                "GPL-3.0-only"
            ],
            "authors": [
                {
                    "name": "David Grudl",
                    "homepage": "https://davidgrudl.com"
                },
                {
                    "name": "Nette Community",
                    "homepage": "https://nette.org/contributors"
                }
            ],
            "description": "🍀 Nette RobotLoader: high performance and comfortable autoloader that will search and autoload classes within your application.",
            "homepage": "https://nette.org",
            "keywords": [
                "autoload",
                "class",
                "interface",
                "nette",
                "trait"
            ],
            "support": {
                "issues": "https://github.com/nette/robot-loader/issues",
                "source": "https://github.com/nette/robot-loader/tree/v4.0.2"
            },
            "time": "2024-06-18T20:19:22+00:00"
        },
        {
            "name": "nette/schema",
            "version": "v1.3.0",
            "source": {
                "type": "git",
                "url": "https://github.com/nette/schema.git",
                "reference": "a6d3a6d1f545f01ef38e60f375d1cf1f4de98188"
            },
            "dist": {
                "type": "zip",
                "url": "https://api.github.com/repos/nette/schema/zipball/a6d3a6d1f545f01ef38e60f375d1cf1f4de98188",
                "reference": "a6d3a6d1f545f01ef38e60f375d1cf1f4de98188",
                "shasum": ""
            },
            "require": {
                "nette/utils": "^4.0",
                "php": "8.1 - 8.3"
            },
            "require-dev": {
                "nette/tester": "^2.4",
                "phpstan/phpstan-nette": "^1.0",
                "tracy/tracy": "^2.8"
            },
            "type": "library",
            "extra": {
                "branch-alias": {
                    "dev-master": "1.3-dev"
                }
            },
            "autoload": {
                "classmap": [
                    "src/"
                ]
            },
            "notification-url": "https://packagist.org/downloads/",
            "license": [
                "BSD-3-Clause",
                "GPL-2.0-only",
                "GPL-3.0-only"
            ],
            "authors": [
                {
                    "name": "David Grudl",
                    "homepage": "https://davidgrudl.com"
                },
                {
                    "name": "Nette Community",
                    "homepage": "https://nette.org/contributors"
                }
            ],
            "description": "📐 Nette Schema: validating data structures against a given Schema.",
            "homepage": "https://nette.org",
            "keywords": [
                "config",
                "nette"
            ],
            "support": {
                "issues": "https://github.com/nette/schema/issues",
                "source": "https://github.com/nette/schema/tree/v1.3.0"
            },
            "time": "2023-12-11T11:54:22+00:00"
        },
        {
            "name": "nette/utils",
            "version": "v4.0.5",
            "source": {
                "type": "git",
                "url": "https://github.com/nette/utils.git",
                "reference": "736c567e257dbe0fcf6ce81b4d6dbe05c6899f96"
            },
            "dist": {
                "type": "zip",
                "url": "https://api.github.com/repos/nette/utils/zipball/736c567e257dbe0fcf6ce81b4d6dbe05c6899f96",
                "reference": "736c567e257dbe0fcf6ce81b4d6dbe05c6899f96",
                "shasum": ""
            },
            "require": {
                "php": "8.0 - 8.4"
            },
            "conflict": {
                "nette/finder": "<3",
                "nette/schema": "<1.2.2"
            },
            "require-dev": {
                "jetbrains/phpstorm-attributes": "dev-master",
                "nette/tester": "^2.5",
                "phpstan/phpstan": "^1.0",
                "tracy/tracy": "^2.9"
            },
            "suggest": {
                "ext-gd": "to use Image",
                "ext-iconv": "to use Strings::webalize(), toAscii(), chr() and reverse()",
                "ext-intl": "to use Strings::webalize(), toAscii(), normalize() and compare()",
                "ext-json": "to use Nette\\Utils\\Json",
                "ext-mbstring": "to use Strings::lower() etc...",
                "ext-tokenizer": "to use Nette\\Utils\\Reflection::getUseStatements()"
            },
            "type": "library",
            "extra": {
                "branch-alias": {
                    "dev-master": "4.0-dev"
                }
            },
            "autoload": {
                "classmap": [
                    "src/"
                ]
            },
            "notification-url": "https://packagist.org/downloads/",
            "license": [
                "BSD-3-Clause",
                "GPL-2.0-only",
                "GPL-3.0-only"
            ],
            "authors": [
                {
                    "name": "David Grudl",
                    "homepage": "https://davidgrudl.com"
                },
                {
                    "name": "Nette Community",
                    "homepage": "https://nette.org/contributors"
                }
            ],
            "description": "🛠  Nette Utils: lightweight utilities for string & array manipulation, image handling, safe JSON encoding/decoding, validation, slug or strong password generating etc.",
            "homepage": "https://nette.org",
            "keywords": [
                "array",
                "core",
                "datetime",
                "images",
                "json",
                "nette",
                "paginator",
                "password",
                "slugify",
                "string",
                "unicode",
                "utf-8",
                "utility",
                "validation"
            ],
            "support": {
                "issues": "https://github.com/nette/utils/issues",
                "source": "https://github.com/nette/utils/tree/v4.0.5"
            },
            "time": "2024-08-07T15:39:19+00:00"
        }
    ],
    "packages-dev": [],
    "aliases": [],
    "minimum-stability": "stable",
    "stability-flags": [],
    "prefer-stable": false,
    "prefer-lowest": false,
    "platform": [],
    "platform-dev": [],
    "plugin-api-version": "2.6.0"
}
